
Microsoft Visual Studio Solution File, Format Version 12.00
# Visual Studio Version 17
VisualStudioVersion = 17.2.32630.192
MinimumVisualStudioVersion = 10.0.40219.1
Project("{9A19103F-16F7-4668-BE54-9A1E7A4F7556}") = "RafalBydlosz", "RafalBydlosz\RafalBydlosz.csproj", "{27C37674-893A-4216-9034-BB94E85141FC}"
EndProject
Project("{FAE04EC0-301F-11D3-BF4B-00C04F79EFBC}") = "WebApi", "WebApi\WebApi.csproj", "{5492E5D4-1CE6-4338-A9C6-CA2EBF17523B}"
EndProject
Project("{FAE04EC0-301F-11D3-BF4B-00C04F79EFBC}") = "Service", "Service\Service.csproj", "{C7EFFB58-C8BB-4AE8-A4D7-8880289DB6D6}"
EndProject
Project("{FAE04EC0-301F-11D3-BF4B-00C04F79EFBC}") = "Postcard", "Postcard\Postcard.csproj", "{ED4F6958-746F-48FF-A80C-93AE2B07C256}"
EndProject
Global
	GlobalSection(SolutionConfigurationPlatforms) = preSolution
		Debug|Any CPU = Debug|Any CPU
		Release|Any CPU = Release|Any CPU
	EndGlobalSection
	GlobalSection(ProjectConfigurationPlatforms) = postSolution
		{27C37674-893A-4216-9034-BB94E85141FC}.Debug|Any CPU.ActiveCfg = Debug|Any CPU
		{27C37674-893A-4216-9034-BB94E85141FC}.Debug|Any CPU.Build.0 = Debug|Any CPU
		{27C37674-893A-4216-9034-BB94E85141FC}.Release|Any CPU.ActiveCfg = Release|Any CPU
		{27C37674-893A-4216-9034-BB94E85141FC}.Release|Any CPU.Build.0 = Release|Any CPU
		{5492E5D4-1CE6-4338-A9C6-CA2EBF17523B}.Debug|Any CPU.ActiveCfg = Debug|Any CPU
		{5492E5D4-1CE6-4338-A9C6-CA2EBF17523B}.Debug|Any CPU.Build.0 = Debug|Any CPU
		{5492E5D4-1CE6-4338-A9C6-CA2EBF17523B}.Release|Any CPU.ActiveCfg = Release|Any CPU
		{5492E5D4-1CE6-4338-A9C6-CA2EBF17523B}.Release|Any CPU.Build.0 = Release|Any CPU
		{C7EFFB58-C8BB-4AE8-A4D7-8880289DB6D6}.Debug|Any CPU.ActiveCfg = Debug|Any CPU
		{C7EFFB58-C8BB-4AE8-A4D7-8880289DB6D6}.Debug|Any CPU.Build.0 = Debug|Any CPU
		{C7EFFB58-C8BB-4AE8-A4D7-8880289DB6D6}.Release|Any CPU.ActiveCfg = Release|Any CPU
		{C7EFFB58-C8BB-4AE8-A4D7-8880289DB6D6}.Release|Any CPU.Build.0 = Release|Any CPU
		{ED4F6958-746F-48FF-A80C-93AE2B07C256}.Debug|Any CPU.ActiveCfg = Debug|Any CPU
		{ED4F6958-746F-48FF-A80C-93AE2B07C256}.Debug|Any CPU.Build.0 = Debug|Any CPU
		{ED4F6958-746F-48FF-A80C-93AE2B07C256}.Release|Any CPU.ActiveCfg = Release|Any CPU
		{ED4F6958-746F-48FF-A80C-93AE2B07C256}.Release|Any CPU.Build.0 = Release|Any CPU
	EndGlobalSection
	GlobalSection(SolutionProperties) = preSolution
		HideSolutionNode = FALSE
	EndGlobalSection
	GlobalSection(ExtensibilityGlobals) = postSolution
		SolutionGuid = {E63A82CF-4906-4CC9-833C-A98388EED06F}
	EndGlobalSection
EndGlobal
